{
  "originHash" : "c6e5efe487718b481d1e3220e929b7e08db42579cf1ce293c693ee6a72aaf303",
  "pins" : [
    {
      "identity" : "datascoutcompanion",
      "kind" : "remoteSourceControl",
      "location" : "https://github.com/alex566/DataScoutCompanion.git",
      "state" : {
        "revision" : "89a6050e0dbddbd9ea068d98624a561e48cde021",
        "version" : "0.2.1"
      }
    }
  ],
  "version" : 3
}
